
Microsoft Visual Studio Solution File, Format Version 12.00
# Visual Studio Version 17
VisualStudioVersion = 17.0.31903.59
MinimumVisualStudioVersion = 10.0.40219.1
Project("{2150E333-8FDC-42A3-9474-1A3956D46DE8}") = "Solution Items", "Solution Items", "{AFA07ADD-2631-4E37-957A-F59C58E32F2B}"
	ProjectSection(SolutionItems) = preProject
		delivery-plan.md = delivery-plan.md
		project-evaluation.md = project-evaluation.md
		README.md = README.md
		user-stories.md = user-stories.md
	EndProjectSection
EndProject
Project("{9A19103F-16F7-4668-BE54-9A1E7A4F7556}") = "TodoListApp.WebApp", "TodoListApp.WebApp\TodoListApp.WebApp.csproj", "{892C76F1-FABA-4A28-88D8-33A956D66AB0}"
EndProject
Project("{9A19103F-16F7-4668-BE54-9A1E7A4F7556}") = "TodoListApp.WebApi", "TodoListApp.WebApi\TodoListApp.WebApi.csproj", "{84ABEC7C-17FE-4AF5-9CAB-B5577DEAD552}"
EndProject
Project("{9A19103F-16F7-4668-BE54-9A1E7A4F7556}") = "TodoListApp.WebApi.Models", "TodoListApp.WebApi.Models\TodoListApp.WebApi.Models.csproj", "{3C631A4E-F762-4BD6-8FB7-9B296510D446}"
EndProject
Project("{9A19103F-16F7-4668-BE54-9A1E7A4F7556}") = "TodoListApp.Services", "TodoListApp.Services\TodoListApp.Services.csproj", "{0FF0ACD2-A615-4068-B919-590E8F5527F6}"
EndProject
Project("{9A19103F-16F7-4668-BE54-9A1E7A4F7556}") = "TodoListApp.Services.WebApi", "TodoListApp.Services.WebApi\TodoListApp.Services.WebApi.csproj", "{70BC9477-04A5-4F55-9A6F-8D4A896E53E8}"
EndProject
Project("{9A19103F-16F7-4668-BE54-9A1E7A4F7556}") = "TodoListApp.Services.Database", "TodoListApp.Services.Database\TodoListApp.Services.Database.csproj", "{7555B224-8D2E-4AF6-9F5D-9F57F936E460}"
EndProject
Project("{9A19103F-16F7-4668-BE54-9A1E7A4F7556}") = "TodoListApp.Common", "TodoListApp.Common\TodoListApp.Common.csproj", "{CF47AAAD-51C0-4F45-B2B7-B881DCDC15E9}"
EndProject
Project("{FAE04EC0-301F-11D3-BF4B-00C04F79EFBC}") = "WebApplication1", "WebApplication1\WebApplication1.csproj", "{78E9BE64-5BA2-42B7-A4FB-51145B95398E}"
EndProject
Global
	GlobalSection(SolutionConfigurationPlatforms) = preSolution
		Debug|Any CPU = Debug|Any CPU
		Release|Any CPU = Release|Any CPU
	EndGlobalSection
	GlobalSection(ProjectConfigurationPlatforms) = postSolution
		{892C76F1-FABA-4A28-88D8-33A956D66AB0}.Debug|Any CPU.ActiveCfg = Debug|Any CPU
		{892C76F1-FABA-4A28-88D8-33A956D66AB0}.Debug|Any CPU.Build.0 = Debug|Any CPU
		{892C76F1-FABA-4A28-88D8-33A956D66AB0}.Release|Any CPU.ActiveCfg = Release|Any CPU
		{892C76F1-FABA-4A28-88D8-33A956D66AB0}.Release|Any CPU.Build.0 = Release|Any CPU
		{84ABEC7C-17FE-4AF5-9CAB-B5577DEAD552}.Debug|Any CPU.ActiveCfg = Debug|Any CPU
		{84ABEC7C-17FE-4AF5-9CAB-B5577DEAD552}.Debug|Any CPU.Build.0 = Debug|Any CPU
		{84ABEC7C-17FE-4AF5-9CAB-B5577DEAD552}.Release|Any CPU.ActiveCfg = Release|Any CPU
		{84ABEC7C-17FE-4AF5-9CAB-B5577DEAD552}.Release|Any CPU.Build.0 = Release|Any CPU
		{3C631A4E-F762-4BD6-8FB7-9B296510D446}.Debug|Any CPU.ActiveCfg = Debug|Any CPU
		{3C631A4E-F762-4BD6-8FB7-9B296510D446}.Debug|Any CPU.Build.0 = Debug|Any CPU
		{3C631A4E-F762-4BD6-8FB7-9B296510D446}.Release|Any CPU.ActiveCfg = Release|Any CPU
		{3C631A4E-F762-4BD6-8FB7-9B296510D446}.Release|Any CPU.Build.0 = Release|Any CPU
		{0FF0ACD2-A615-4068-B919-590E8F5527F6}.Debug|Any CPU.ActiveCfg = Debug|Any CPU
		{0FF0ACD2-A615-4068-B919-590E8F5527F6}.Debug|Any CPU.Build.0 = Debug|Any CPU
		{0FF0ACD2-A615-4068-B919-590E8F5527F6}.Release|Any CPU.ActiveCfg = Release|Any CPU
		{0FF0ACD2-A615-4068-B919-590E8F5527F6}.Release|Any CPU.Build.0 = Release|Any CPU
		{70BC9477-04A5-4F55-9A6F-8D4A896E53E8}.Debug|Any CPU.ActiveCfg = Debug|Any CPU
		{70BC9477-04A5-4F55-9A6F-8D4A896E53E8}.Debug|Any CPU.Build.0 = Debug|Any CPU
		{70BC9477-04A5-4F55-9A6F-8D4A896E53E8}.Release|Any CPU.ActiveCfg = Release|Any CPU
		{70BC9477-04A5-4F55-9A6F-8D4A896E53E8}.Release|Any CPU.Build.0 = Release|Any CPU
		{7555B224-8D2E-4AF6-9F5D-9F57F936E460}.Debug|Any CPU.ActiveCfg = Debug|Any CPU
		{7555B224-8D2E-4AF6-9F5D-9F57F936E460}.Debug|Any CPU.Build.0 = Debug|Any CPU
		{7555B224-8D2E-4AF6-9F5D-9F57F936E460}.Release|Any CPU.ActiveCfg = Release|Any CPU
		{7555B224-8D2E-4AF6-9F5D-9F57F936E460}.Release|Any CPU.Build.0 = Release|Any CPU
		{CF47AAAD-51C0-4F45-B2B7-B881DCDC15E9}.Debug|Any CPU.ActiveCfg = Debug|Any CPU
		{CF47AAAD-51C0-4F45-B2B7-B881DCDC15E9}.Debug|Any CPU.Build.0 = Debug|Any CPU
		{CF47AAAD-51C0-4F45-B2B7-B881DCDC15E9}.Release|Any CPU.ActiveCfg = Release|Any CPU
		{CF47AAAD-51C0-4F45-B2B7-B881DCDC15E9}.Release|Any CPU.Build.0 = Release|Any CPU
		{78E9BE64-5BA2-42B7-A4FB-51145B95398E}.Debug|Any CPU.ActiveCfg = Debug|Any CPU
		{78E9BE64-5BA2-42B7-A4FB-51145B95398E}.Debug|Any CPU.Build.0 = Debug|Any CPU
		{78E9BE64-5BA2-42B7-A4FB-51145B95398E}.Release|Any CPU.ActiveCfg = Release|Any CPU
		{78E9BE64-5BA2-42B7-A4FB-51145B95398E}.Release|Any CPU.Build.0 = Release|Any CPU
	EndGlobalSection
	GlobalSection(SolutionProperties) = preSolution
		HideSolutionNode = FALSE
	EndGlobalSection
	GlobalSection(ExtensibilityGlobals) = postSolution
		SolutionGuid = {71075FF6-34FF-4DFB-BBA7-7654CC357608}
	EndGlobalSection
EndGlobal
