
Microsoft Visual Studio Solution File, Format Version 12.00
# Visual Studio Version 17
VisualStudioVersion = 17.0.31903.59
MinimumVisualStudioVersion = 10.0.40219.1
Project("{2150E333-8FDC-42A3-9474-1A3956D46DE8}") = "Solution Items", "Solution Items", "{AFA07ADD-2631-4E37-957A-F59C58E32F2B}"
	ProjectSection(SolutionItems) = preProject
		delivery-plan.md = delivery-plan.md
		project-evaluation.md = project-evaluation.md
		README.md = README.md
		user-stories.md = user-stories.md
	EndProjectSection
EndProject
Project("{FAE04EC0-301F-11D3-BF4B-00C04F79EFBC}") = "TodoListApp.WebApp", "TodoListApp.WebApp\TodoListApp.WebApp.csproj", "{2D85CAF8-0574-411C-B793-AE55BA910960}"
EndProject
Project("{FAE04EC0-301F-11D3-BF4B-00C04F79EFBC}") = "TodoListApp.WebApi", "TodoListApp.WebApi\TodoListApp.WebApi.csproj", "{B0AE1322-5C23-4AF2-8C25-8FF25124215F}"
EndProject
Project("{FAE04EC0-301F-11D3-BF4B-00C04F79EFBC}") = "TodoListApp.WebApi.Models", "TodoListApp.WebApi.Models\TodoListApp.WebApi.Models.csproj", "{AF034738-2468-45F6-BEA4-17E1581BDA84}"
EndProject
Project("{FAE04EC0-301F-11D3-BF4B-00C04F79EFBC}") = "TodoListApp.Services", "TodoListApp.Services\TodoListApp.Services.csproj", "{D708B0BD-7568-4451-AFCD-37215E8DDC5B}"
EndProject
Project("{FAE04EC0-301F-11D3-BF4B-00C04F79EFBC}") = "TodoListApp.Services.WebApi", "TodoListApp.Services.WebApi\TodoListApp.Services.WebApi.csproj", "{9C93C73C-2F3E-4AA6-B0A0-1EBFC7E20A99}"
EndProject
Project("{FAE04EC0-301F-11D3-BF4B-00C04F79EFBC}") = "TodoListApp.Services.Database", "TodoListApp.Services.Database\TodoListApp.Services.Database.csproj", "{1A2A541B-1AF8-4829-894C-4A3B0FA88590}"
EndProject
Global
	GlobalSection(SolutionConfigurationPlatforms) = preSolution
		Debug|Any CPU = Debug|Any CPU
		Release|Any CPU = Release|Any CPU
	EndGlobalSection
	GlobalSection(ProjectConfigurationPlatforms) = postSolution
		{2D85CAF8-0574-411C-B793-AE55BA910960}.Debug|Any CPU.ActiveCfg = Debug|Any CPU
		{2D85CAF8-0574-411C-B793-AE55BA910960}.Debug|Any CPU.Build.0 = Debug|Any CPU
		{2D85CAF8-0574-411C-B793-AE55BA910960}.Release|Any CPU.ActiveCfg = Release|Any CPU
		{2D85CAF8-0574-411C-B793-AE55BA910960}.Release|Any CPU.Build.0 = Release|Any CPU
		{B0AE1322-5C23-4AF2-8C25-8FF25124215F}.Debug|Any CPU.ActiveCfg = Debug|Any CPU
		{B0AE1322-5C23-4AF2-8C25-8FF25124215F}.Debug|Any CPU.Build.0 = Debug|Any CPU
		{B0AE1322-5C23-4AF2-8C25-8FF25124215F}.Release|Any CPU.ActiveCfg = Release|Any CPU
		{B0AE1322-5C23-4AF2-8C25-8FF25124215F}.Release|Any CPU.Build.0 = Release|Any CPU
		{AF034738-2468-45F6-BEA4-17E1581BDA84}.Debug|Any CPU.ActiveCfg = Debug|Any CPU
		{AF034738-2468-45F6-BEA4-17E1581BDA84}.Debug|Any CPU.Build.0 = Debug|Any CPU
		{AF034738-2468-45F6-BEA4-17E1581BDA84}.Release|Any CPU.ActiveCfg = Release|Any CPU
		{AF034738-2468-45F6-BEA4-17E1581BDA84}.Release|Any CPU.Build.0 = Release|Any CPU
		{D708B0BD-7568-4451-AFCD-37215E8DDC5B}.Debug|Any CPU.ActiveCfg = Debug|Any CPU
		{D708B0BD-7568-4451-AFCD-37215E8DDC5B}.Debug|Any CPU.Build.0 = Debug|Any CPU
		{D708B0BD-7568-4451-AFCD-37215E8DDC5B}.Release|Any CPU.ActiveCfg = Release|Any CPU
		{D708B0BD-7568-4451-AFCD-37215E8DDC5B}.Release|Any CPU.Build.0 = Release|Any CPU
		{9C93C73C-2F3E-4AA6-B0A0-1EBFC7E20A99}.Debug|Any CPU.ActiveCfg = Debug|Any CPU
		{9C93C73C-2F3E-4AA6-B0A0-1EBFC7E20A99}.Debug|Any CPU.Build.0 = Debug|Any CPU
		{9C93C73C-2F3E-4AA6-B0A0-1EBFC7E20A99}.Release|Any CPU.ActiveCfg = Release|Any CPU
		{9C93C73C-2F3E-4AA6-B0A0-1EBFC7E20A99}.Release|Any CPU.Build.0 = Release|Any CPU
		{1A2A541B-1AF8-4829-894C-4A3B0FA88590}.Debug|Any CPU.ActiveCfg = Debug|Any CPU
		{1A2A541B-1AF8-4829-894C-4A3B0FA88590}.Debug|Any CPU.Build.0 = Debug|Any CPU
		{1A2A541B-1AF8-4829-894C-4A3B0FA88590}.Release|Any CPU.ActiveCfg = Release|Any CPU
		{1A2A541B-1AF8-4829-894C-4A3B0FA88590}.Release|Any CPU.Build.0 = Release|Any CPU
	EndGlobalSection
	GlobalSection(SolutionProperties) = preSolution
		HideSolutionNode = FALSE
	EndGlobalSection
	GlobalSection(ExtensibilityGlobals) = postSolution
		SolutionGuid = {71075FF6-34FF-4DFB-BBA7-7654CC357608}
	EndGlobalSection
EndGlobal
